
Microsoft Visual Studio Solution File, Format Version 12.00
# Visual Studio Version 17
VisualStudioVersion = 17.2.32630.192
MinimumVisualStudioVersion = 10.0.40219.1
Project("{9A19103F-16F7-4668-BE54-9A1E7A4F7556}") = "CleanArchitecture.Infrastructure", "CleanArchitecture.Data\CleanArchitecture.Infrastructure.csproj", "{99926C21-D127-4FA8-A2A3-3B9C602FF11B}"
EndProject
Project("{9A19103F-16F7-4668-BE54-9A1E7A4F7556}") = "CleanArchitecture.Domain", "CleanArchitecture.Domain\CleanArchitecture.Domain.csproj", "{EC8B182B-2ABA-4A89-BB0D-88FE30204E4C}"
EndProject
Project("{2150E333-8FDC-42A3-9474-1A3956D46DE8}") = "src", "src", "{CE63013B-397D-4C45-A48A-2F01B8577AAA}"
EndProject
Project("{2150E333-8FDC-42A3-9474-1A3956D46DE8}") = "doc", "doc", "{C4A0EC90-E7D0-44E1-A918-DD0B55394109}"
EndProject
Project("{2150E333-8FDC-42A3-9474-1A3956D46DE8}") = "test", "test", "{77E7F849-A02C-4596-AF76-8931F21F7263}"
EndProject
Project("{2150E333-8FDC-42A3-9474-1A3956D46DE8}") = "API", "API", "{90BDF358-4495-4646-85D3-818479FC0900}"
EndProject
Project("{2150E333-8FDC-42A3-9474-1A3956D46DE8}") = "Core", "Core", "{D52DFF33-C2D4-4496-A22F-8F0F1FD8B32D}"
EndProject
Project("{2150E333-8FDC-42A3-9474-1A3956D46DE8}") = "Infrastructure", "Infrastructure", "{E4BAFB7B-64F0-4380-818C-8714D170541B}"
EndProject
Project("{FAE04EC0-301F-11D3-BF4B-00C04F79EFBC}") = "CleanArchitecture.API", "CleanArchitecture.API\CleanArchitecture.API.csproj", "{EAF3AC0A-7378-4AFE-9E3D-84593BD7B2B2}"
EndProject
Project("{FAE04EC0-301F-11D3-BF4B-00C04F79EFBC}") = "CleanArchitecture.Applicattion", "CleanArchitecture.Applicattion\CleanArchitecture.Applicattion.csproj", "{B0F26A6A-6DC4-4129-9F84-A1E9476D7C25}"
EndProject
Global
	GlobalSection(SolutionConfigurationPlatforms) = preSolution
		Debug|Any CPU = Debug|Any CPU
		Release|Any CPU = Release|Any CPU
	EndGlobalSection
	GlobalSection(ProjectConfigurationPlatforms) = postSolution
		{99926C21-D127-4FA8-A2A3-3B9C602FF11B}.Debug|Any CPU.ActiveCfg = Debug|Any CPU
		{99926C21-D127-4FA8-A2A3-3B9C602FF11B}.Debug|Any CPU.Build.0 = Debug|Any CPU
		{99926C21-D127-4FA8-A2A3-3B9C602FF11B}.Release|Any CPU.ActiveCfg = Release|Any CPU
		{99926C21-D127-4FA8-A2A3-3B9C602FF11B}.Release|Any CPU.Build.0 = Release|Any CPU
		{EC8B182B-2ABA-4A89-BB0D-88FE30204E4C}.Debug|Any CPU.ActiveCfg = Debug|Any CPU
		{EC8B182B-2ABA-4A89-BB0D-88FE30204E4C}.Debug|Any CPU.Build.0 = Debug|Any CPU
		{EC8B182B-2ABA-4A89-BB0D-88FE30204E4C}.Release|Any CPU.ActiveCfg = Release|Any CPU
		{EC8B182B-2ABA-4A89-BB0D-88FE30204E4C}.Release|Any CPU.Build.0 = Release|Any CPU
		{EAF3AC0A-7378-4AFE-9E3D-84593BD7B2B2}.Debug|Any CPU.ActiveCfg = Debug|Any CPU
		{EAF3AC0A-7378-4AFE-9E3D-84593BD7B2B2}.Debug|Any CPU.Build.0 = Debug|Any CPU
		{EAF3AC0A-7378-4AFE-9E3D-84593BD7B2B2}.Release|Any CPU.ActiveCfg = Release|Any CPU
		{EAF3AC0A-7378-4AFE-9E3D-84593BD7B2B2}.Release|Any CPU.Build.0 = Release|Any CPU
		{B0F26A6A-6DC4-4129-9F84-A1E9476D7C25}.Debug|Any CPU.ActiveCfg = Debug|Any CPU
		{B0F26A6A-6DC4-4129-9F84-A1E9476D7C25}.Debug|Any CPU.Build.0 = Debug|Any CPU
		{B0F26A6A-6DC4-4129-9F84-A1E9476D7C25}.Release|Any CPU.ActiveCfg = Release|Any CPU
		{B0F26A6A-6DC4-4129-9F84-A1E9476D7C25}.Release|Any CPU.Build.0 = Release|Any CPU
	EndGlobalSection
	GlobalSection(SolutionProperties) = preSolution
		HideSolutionNode = FALSE
	EndGlobalSection
	GlobalSection(NestedProjects) = preSolution
		{99926C21-D127-4FA8-A2A3-3B9C602FF11B} = {E4BAFB7B-64F0-4380-818C-8714D170541B}
		{EC8B182B-2ABA-4A89-BB0D-88FE30204E4C} = {D52DFF33-C2D4-4496-A22F-8F0F1FD8B32D}
		{90BDF358-4495-4646-85D3-818479FC0900} = {CE63013B-397D-4C45-A48A-2F01B8577AAA}
		{D52DFF33-C2D4-4496-A22F-8F0F1FD8B32D} = {CE63013B-397D-4C45-A48A-2F01B8577AAA}
		{E4BAFB7B-64F0-4380-818C-8714D170541B} = {CE63013B-397D-4C45-A48A-2F01B8577AAA}
		{EAF3AC0A-7378-4AFE-9E3D-84593BD7B2B2} = {90BDF358-4495-4646-85D3-818479FC0900}
		{B0F26A6A-6DC4-4129-9F84-A1E9476D7C25} = {D52DFF33-C2D4-4496-A22F-8F0F1FD8B32D}
	EndGlobalSection
	GlobalSection(ExtensibilityGlobals) = postSolution
		SolutionGuid = {719B5903-741D-40AE-88C5-03DA945D6571}
	EndGlobalSection
EndGlobal
